
Microsoft Visual Studio Solution File, Format Version 12.00
# Visual Studio Version 17
VisualStudioVersion = 17.0.32014.148
MinimumVisualStudioVersion = 10.0.40219.1
Project("{9A19103F-16F7-4668-BE54-9A1E7A4F7556}") = "VotingApp", "VotingApp\VotingApp.csproj", "{4409D640-15ED-4922-9210-8327FDB241A2}"
EndProject
Project("{FAE04EC0-301F-11D3-BF4B-00C04F79EFBC}") = "Tests_NUnit_Voting_App", "Tests_NUnit_Voting_App\Tests_NUnit_Voting_App.csproj", "{3EEA0DB7-E4C5-4FD3-BD89-3AE8C0F88A9A}"
EndProject
Global
	GlobalSection(SolutionConfigurationPlatforms) = preSolution
		Debug|Any CPU = Debug|Any CPU
		Release|Any CPU = Release|Any CPU
	EndGlobalSection
	GlobalSection(ProjectConfigurationPlatforms) = postSolution
		{4409D640-15ED-4922-9210-8327FDB241A2}.Debug|Any CPU.ActiveCfg = Debug|Any CPU
		{4409D640-15ED-4922-9210-8327FDB241A2}.Debug|Any CPU.Build.0 = Debug|Any CPU
		{4409D640-15ED-4922-9210-8327FDB241A2}.Release|Any CPU.ActiveCfg = Release|Any CPU
		{4409D640-15ED-4922-9210-8327FDB241A2}.Release|Any CPU.Build.0 = Release|Any CPU
		{3EEA0DB7-E4C5-4FD3-BD89-3AE8C0F88A9A}.Debug|Any CPU.ActiveCfg = Debug|Any CPU
		{3EEA0DB7-E4C5-4FD3-BD89-3AE8C0F88A9A}.Debug|Any CPU.Build.0 = Debug|Any CPU
		{3EEA0DB7-E4C5-4FD3-BD89-3AE8C0F88A9A}.Release|Any CPU.ActiveCfg = Release|Any CPU
		{3EEA0DB7-E4C5-4FD3-BD89-3AE8C0F88A9A}.Release|Any CPU.Build.0 = Release|Any CPU
	EndGlobalSection
	GlobalSection(SolutionProperties) = preSolution
		HideSolutionNode = FALSE
	EndGlobalSection
	GlobalSection(ExtensibilityGlobals) = postSolution
		SolutionGuid = {77271F60-F00F-4115-8049-073D9FCFA974}
	EndGlobalSection
EndGlobal
